// !$*UTF8*$!
{
	archiveVersion = 1;
	classes = {
	};
	objectVersion = 56;
	objects = {

/* Begin PBXBuildFile section */
		41974C862B4CA74600F38C09 /* PostRepository.swift in Sources */ = {isa = PBXBuildFile; fileRef = 41974C852B4CA74600F38C09 /* PostRepository.swift */; };
		41974C882B4CA75800F38C09 /* PostRepositoryResponses.swift in Sources */ = {isa = PBXBuildFile; fileRef = 41974C872B4CA75800F38C09 /* PostRepositoryResponses.swift */; };
		41974C8A2B4CA76700F38C09 /* PostRepositoryRequests.swift in Sources */ = {isa = PBXBuildFile; fileRef = 41974C892B4CA76700F38C09 /* PostRepositoryRequests.swift */; };
		41974C8C2B4CA77800F38C09 /* PostRepositoryImplementation.swift in Sources */ = {isa = PBXBuildFile; fileRef = 41974C8B2B4CA77800F38C09 /* PostRepositoryImplementation.swift */; };
		41974C8F2B4CA7FA00F38C09 /* PostModel.swift in Sources */ = {isa = PBXBuildFile; fileRef = 41974C8E2B4CA7FA00F38C09 /* PostModel.swift */; };
		41974C912B4CA9A400F38C09 /* GetPostsUseCase.swift in Sources */ = {isa = PBXBuildFile; fileRef = 41974C902B4CA9A400F38C09 /* GetPostsUseCase.swift */; };
		41D04EB02B4B6EE500D494A3 /* BrigewellSdk.framework in Frameworks */ = {isa = PBXBuildFile; fileRef = 41D04EA72B4B6EE500D494A3 /* BrigewellSdk.framework */; };
		41D04EB52B4B6EE500D494A3 /* BrigewellSdkTests.swift in Sources */ = {isa = PBXBuildFile; fileRef = 41D04EB42B4B6EE500D494A3 /* BrigewellSdkTests.swift */; };
		41D04EB62B4B6EE500D494A3 /* BrigewellSdk.h in Headers */ = {isa = PBXBuildFile; fileRef = 41D04EAA2B4B6EE500D494A3 /* BrigewellSdk.h */; settings = {ATTRIBUTES = (Public, ); }; };
		41D04ED62B4B9FE200D494A3 /* NetworkClient.swift in Sources */ = {isa = PBXBuildFile; fileRef = 41D04ECB2B4B9FE200D494A3 /* NetworkClient.swift */; };
		41D04ED72B4B9FE200D494A3 /* APIRequest.swift in Sources */ = {isa = PBXBuildFile; fileRef = 41D04ECC2B4B9FE200D494A3 /* APIRequest.swift */; };
		41D04EE82B4BA00E00D494A3 /* BaseUseCase.swift in Sources */ = {isa = PBXBuildFile; fileRef = 41D04EDF2B4BA00E00D494A3 /* BaseUseCase.swift */; };
		41D04EE92B4BA00E00D494A3 /* BaseViewController.swift in Sources */ = {isa = PBXBuildFile; fileRef = 41D04EE02B4BA00E00D494A3 /* BaseViewController.swift */; };
		41D04EEA2B4BA00E00D494A3 /* BaseRepositoryImplementation.swift in Sources */ = {isa = PBXBuildFile; fileRef = 41D04EE12B4BA00E00D494A3 /* BaseRepositoryImplementation.swift */; };
		41D04EEB2B4BA00E00D494A3 /* AssemblerProtocol.swift in Sources */ = {isa = PBXBuildFile; fileRef = 41D04EE32B4BA00E00D494A3 /* AssemblerProtocol.swift */; };
		41D04EEC2B4BA00E00D494A3 /* Dependency.swift in Sources */ = {isa = PBXBuildFile; fileRef = 41D04EE42B4BA00E00D494A3 /* Dependency.swift */; };
		41D04EED2B4BA00E00D494A3 /* BaseError.swift in Sources */ = {isa = PBXBuildFile; fileRef = 41D04EE52B4BA00E00D494A3 /* BaseError.swift */; };
		41D04EEE2B4BA00E00D494A3 /* BaseCoordinator.swift in Sources */ = {isa = PBXBuildFile; fileRef = 41D04EE62B4BA00E00D494A3 /* BaseCoordinator.swift */; };
		41D04EEF2B4BA00E00D494A3 /* Coordinator.swift in Sources */ = {isa = PBXBuildFile; fileRef = 41D04EE72B4BA00E00D494A3 /* Coordinator.swift */; };
		673990F52B551357008DEEDF /* CommentModel.swift in Sources */ = {isa = PBXBuildFile; fileRef = 673990F42B551357008DEEDF /* CommentModel.swift */; };
		673990F72B551487008DEEDF /* GetCommentsUseCase.swift in Sources */ = {isa = PBXBuildFile; fileRef = 673990F62B551487008DEEDF /* GetCommentsUseCase.swift */; };
		C54FA243BBC1E4A73F93492C /* Pods_BrigewellSdk_BrigewellSdkTests.framework in Frameworks */ = {isa = PBXBuildFile; fileRef = 06FB6D8620F899306182CCF5 /* Pods_BrigewellSdk_BrigewellSdkTests.framework */; };
		EFA0E0675246454DB6ACD527 /* Pods_BrigewellSdk.framework in Frameworks */ = {isa = PBXBuildFile; fileRef = 73CE1BDD6ECCFEA67F325426 /* Pods_BrigewellSdk.framework */; };
/* End PBXBuildFile section */

/* Begin PBXContainerItemProxy section */
		41D04EB12B4B6EE500D494A3 /* PBXContainerItemProxy */ = {
			isa = PBXContainerItemProxy;
			containerPortal = 41D04E9E2B4B6EE500D494A3 /* Project object */;
			proxyType = 1;
			remoteGlobalIDString = 41D04EA62B4B6EE500D494A3;
			remoteInfo = BrigewellSdk;
		};
/* End PBXContainerItemProxy section */

/* Begin PBXFileReference section */
		06FB6D8620F899306182CCF5 /* Pods_BrigewellSdk_BrigewellSdkTests.framework */ = {isa = PBXFileReference; explicitFileType = wrapper.framework; includeInIndex = 0; path = Pods_BrigewellSdk_BrigewellSdkTests.framework; sourceTree = BUILT_PRODUCTS_DIR; };
		41974C852B4CA74600F38C09 /* PostRepository.swift */ = {isa = PBXFileReference; lastKnownFileType = sourcecode.swift; path = PostRepository.swift; sourceTree = "<group>"; };
		41974C872B4CA75800F38C09 /* PostRepositoryResponses.swift */ = {isa = PBXFileReference; lastKnownFileType = sourcecode.swift; path = PostRepositoryResponses.swift; sourceTree = "<group>"; };
		41974C892B4CA76700F38C09 /* PostRepositoryRequests.swift */ = {isa = PBXFileReference; lastKnownFileType = sourcecode.swift; path = PostRepositoryRequests.swift; sourceTree = "<group>"; };
		41974C8B2B4CA77800F38C09 /* PostRepositoryImplementation.swift */ = {isa = PBXFileReference; lastKnownFileType = sourcecode.swift; path = PostRepositoryImplementation.swift; sourceTree = "<group>"; };
		41974C8E2B4CA7FA00F38C09 /* PostModel.swift */ = {isa = PBXFileReference; lastKnownFileType = sourcecode.swift; path = PostModel.swift; sourceTree = "<group>"; };
		41974C902B4CA9A400F38C09 /* GetPostsUseCase.swift */ = {isa = PBXFileReference; lastKnownFileType = sourcecode.swift; path = GetPostsUseCase.swift; sourceTree = "<group>"; };
		41D04EA72B4B6EE500D494A3 /* BrigewellSdk.framework */ = {isa = PBXFileReference; explicitFileType = wrapper.framework; includeInIndex = 0; path = BrigewellSdk.framework; sourceTree = BUILT_PRODUCTS_DIR; };
		41D04EAA2B4B6EE500D494A3 /* BrigewellSdk.h */ = {isa = PBXFileReference; lastKnownFileType = sourcecode.c.h; path = BrigewellSdk.h; sourceTree = "<group>"; };
		41D04EAF2B4B6EE500D494A3 /* BrigewellSdkTests.xctest */ = {isa = PBXFileReference; explicitFileType = wrapper.cfbundle; includeInIndex = 0; path = BrigewellSdkTests.xctest; sourceTree = BUILT_PRODUCTS_DIR; };
		41D04EB42B4B6EE500D494A3 /* BrigewellSdkTests.swift */ = {isa = PBXFileReference; lastKnownFileType = sourcecode.swift; path = BrigewellSdkTests.swift; sourceTree = "<group>"; };
		41D04ECB2B4B9FE200D494A3 /* NetworkClient.swift */ = {isa = PBXFileReference; fileEncoding = 4; lastKnownFileType = sourcecode.swift; path = NetworkClient.swift; sourceTree = "<group>"; };
		41D04ECC2B4B9FE200D494A3 /* APIRequest.swift */ = {isa = PBXFileReference; fileEncoding = 4; lastKnownFileType = sourcecode.swift; path = APIRequest.swift; sourceTree = "<group>"; };
		41D04EDF2B4BA00E00D494A3 /* BaseUseCase.swift */ = {isa = PBXFileReference; fileEncoding = 4; lastKnownFileType = sourcecode.swift; path = BaseUseCase.swift; sourceTree = "<group>"; };
		41D04EE02B4BA00E00D494A3 /* BaseViewController.swift */ = {isa = PBXFileReference; fileEncoding = 4; lastKnownFileType = sourcecode.swift; path = BaseViewController.swift; sourceTree = "<group>"; };
		41D04EE12B4BA00E00D494A3 /* BaseRepositoryImplementation.swift */ = {isa = PBXFileReference; fileEncoding = 4; lastKnownFileType = sourcecode.swift; path = BaseRepositoryImplementation.swift; sourceTree = "<group>"; };
		41D04EE32B4BA00E00D494A3 /* AssemblerProtocol.swift */ = {isa = PBXFileReference; fileEncoding = 4; lastKnownFileType = sourcecode.swift; path = AssemblerProtocol.swift; sourceTree = "<group>"; };
		41D04EE42B4BA00E00D494A3 /* Dependency.swift */ = {isa = PBXFileReference; fileEncoding = 4; lastKnownFileType = sourcecode.swift; path = Dependency.swift; sourceTree = "<group>"; };
		41D04EE52B4BA00E00D494A3 /* BaseError.swift */ = {isa = PBXFileReference; fileEncoding = 4; lastKnownFileType = sourcecode.swift; path = BaseError.swift; sourceTree = "<group>"; };
		41D04EE62B4BA00E00D494A3 /* BaseCoordinator.swift */ = {isa = PBXFileReference; fileEncoding = 4; lastKnownFileType = sourcecode.swift; path = BaseCoordinator.swift; sourceTree = "<group>"; };
		41D04EE72B4BA00E00D494A3 /* Coordinator.swift */ = {isa = PBXFileReference; fileEncoding = 4; lastKnownFileType = sourcecode.swift; path = Coordinator.swift; sourceTree = "<group>"; };
		4834A806337CDEF50B827C14 /* Pods-BrigewellSdk-BrigewellSdkTests.release.xcconfig */ = {isa = PBXFileReference; includeInIndex = 1; lastKnownFileType = text.xcconfig; name = "Pods-BrigewellSdk-BrigewellSdkTests.release.xcconfig"; path = "Target Support Files/Pods-BrigewellSdk-BrigewellSdkTests/Pods-BrigewellSdk-BrigewellSdkTests.release.xcconfig"; sourceTree = "<group>"; };
		673990F42B551357008DEEDF /* CommentModel.swift */ = {isa = PBXFileReference; fileEncoding = 4; lastKnownFileType = sourcecode.swift; path = CommentModel.swift; sourceTree = "<group>"; };
		673990F62B551487008DEEDF /* GetCommentsUseCase.swift */ = {isa = PBXFileReference; lastKnownFileType = sourcecode.swift; path = GetCommentsUseCase.swift; sourceTree = "<group>"; };
		73CE1BDD6ECCFEA67F325426 /* Pods_BrigewellSdk.framework */ = {isa = PBXFileReference; explicitFileType = wrapper.framework; includeInIndex = 0; path = Pods_BrigewellSdk.framework; sourceTree = BUILT_PRODUCTS_DIR; };
		CDABF46F7C6D7C7BA53067B2 /* Pods-BrigewellSdk-BrigewellSdkTests.debug.xcconfig */ = {isa = PBXFileReference; includeInIndex = 1; lastKnownFileType = text.xcconfig; name = "Pods-BrigewellSdk-BrigewellSdkTests.debug.xcconfig"; path = "Target Support Files/Pods-BrigewellSdk-BrigewellSdkTests/Pods-BrigewellSdk-BrigewellSdkTests.debug.xcconfig"; sourceTree = "<group>"; };
		CFB2F2213A3B857405068C1A /* Pods-BrigewellSdk.release.xcconfig */ = {isa = PBXFileReference; includeInIndex = 1; lastKnownFileType = text.xcconfig; name = "Pods-BrigewellSdk.release.xcconfig"; path = "Target Support Files/Pods-BrigewellSdk/Pods-BrigewellSdk.release.xcconfig"; sourceTree = "<group>"; };
		D401CF2389DD519BCD3CB428 /* Pods-BrigewellSdk.debug.xcconfig */ = {isa = PBXFileReference; includeInIndex = 1; lastKnownFileType = text.xcconfig; name = "Pods-BrigewellSdk.debug.xcconfig"; path = "Target Support Files/Pods-BrigewellSdk/Pods-BrigewellSdk.debug.xcconfig"; sourceTree = "<group>"; };
/* End PBXFileReference section */

/* Begin PBXFrameworksBuildPhase section */
		41D04EA42B4B6EE500D494A3 /* Frameworks */ = {
			isa = PBXFrameworksBuildPhase;
			buildActionMask = 2147483647;
			files = (
				EFA0E0675246454DB6ACD527 /* Pods_BrigewellSdk.framework in Frameworks */,
			);
			runOnlyForDeploymentPostprocessing = 0;
		};
		41D04EAC2B4B6EE500D494A3 /* Frameworks */ = {
			isa = PBXFrameworksBuildPhase;
			buildActionMask = 2147483647;
			files = (
				41D04EB02B4B6EE500D494A3 /* BrigewellSdk.framework in Frameworks */,
				C54FA243BBC1E4A73F93492C /* Pods_BrigewellSdk_BrigewellSdkTests.framework in Frameworks */,
			);
			runOnlyForDeploymentPostprocessing = 0;
		};
/* End PBXFrameworksBuildPhase section */

/* Begin PBXGroup section */
		2742C7265BAC9C75C4B97672 /* Pods */ = {
			isa = PBXGroup;
			children = (
				D401CF2389DD519BCD3CB428 /* Pods-BrigewellSdk.debug.xcconfig */,
				CFB2F2213A3B857405068C1A /* Pods-BrigewellSdk.release.xcconfig */,
				CDABF46F7C6D7C7BA53067B2 /* Pods-BrigewellSdk-BrigewellSdkTests.debug.xcconfig */,
				4834A806337CDEF50B827C14 /* Pods-BrigewellSdk-BrigewellSdkTests.release.xcconfig */,
			);
			path = Pods;
			sourceTree = "<group>";
		};
		41974C842B4CA72E00F38C09 /* Post */ = {
			isa = PBXGroup;
			children = (
				41974C852B4CA74600F38C09 /* PostRepository.swift */,
				41974C8B2B4CA77800F38C09 /* PostRepositoryImplementation.swift */,
				41974C892B4CA76700F38C09 /* PostRepositoryRequests.swift */,
				41974C872B4CA75800F38C09 /* PostRepositoryResponses.swift */,
			);
			path = Post;
			sourceTree = "<group>";
		};
		41974C8D2B4CA7EE00F38C09 /* Model */ = {
			isa = PBXGroup;
			children = (
				673990F42B551357008DEEDF /* CommentModel.swift */,
				41974C8E2B4CA7FA00F38C09 /* PostModel.swift */,
			);
			path = Model;
			sourceTree = "<group>";
		};
		41D04E9D2B4B6EE500D494A3 = {
			isa = PBXGroup;
			children = (
				41D04EA92B4B6EE500D494A3 /* BrigewellSdk */,
				41D04EB32B4B6EE500D494A3 /* BrigewellSdkTests */,
				41D04EA82B4B6EE500D494A3 /* Products */,
				2742C7265BAC9C75C4B97672 /* Pods */,
				B17736BF2FBB5548CF19B3D7 /* Frameworks */,
			);
			sourceTree = "<group>";
		};
		41D04EA82B4B6EE500D494A3 /* Products */ = {
			isa = PBXGroup;
			children = (
				41D04EA72B4B6EE500D494A3 /* BrigewellSdk.framework */,
				41D04EAF2B4B6EE500D494A3 /* BrigewellSdkTests.xctest */,
			);
			name = Products;
			sourceTree = "<group>";
		};
		41D04EA92B4B6EE500D494A3 /* BrigewellSdk */ = {
			isa = PBXGroup;
			children = (
				41974C8D2B4CA7EE00F38C09 /* Model */,
				41D04EDE2B4BA00E00D494A3 /* Base */,
				41D04EC92B4B9FE200D494A3 /* Domain */,
				41D04EAA2B4B6EE500D494A3 /* BrigewellSdk.h */,
			);
			path = BrigewellSdk;
			sourceTree = "<group>";
		};
		41D04EB32B4B6EE500D494A3 /* BrigewellSdkTests */ = {
			isa = PBXGroup;
			children = (
				41D04EB42B4B6EE500D494A3 /* BrigewellSdkTests.swift */,
			);
			path = BrigewellSdkTests;
			sourceTree = "<group>";
		};
		41D04EC92B4B9FE200D494A3 /* Domain */ = {
			isa = PBXGroup;
			children = (
				41D04ECA2B4B9FE200D494A3 /* Network */,
				41D04ECD2B4B9FE200D494A3 /* Repositories */,
				41D04ED32B4B9FE200D494A3 /* UseCases */,
			);
			path = Domain;
			sourceTree = "<group>";
		};
		41D04ECA2B4B9FE200D494A3 /* Network */ = {
			isa = PBXGroup;
			children = (
				41D04ECB2B4B9FE200D494A3 /* NetworkClient.swift */,
				41D04ECC2B4B9FE200D494A3 /* APIRequest.swift */,
			);
			path = Network;
			sourceTree = "<group>";
		};
		41D04ECD2B4B9FE200D494A3 /* Repositories */ = {
			isa = PBXGroup;
			children = (
				41974C842B4CA72E00F38C09 /* Post */,
			);
			path = Repositories;
			sourceTree = "<group>";
		};
		41D04ED32B4B9FE200D494A3 /* UseCases */ = {
			isa = PBXGroup;
			children = (
				41974C902B4CA9A400F38C09 /* GetPostsUseCase.swift */,
				673990F62B551487008DEEDF /* GetCommentsUseCase.swift */,
			);
			path = UseCases;
			sourceTree = "<group>";
		};
		41D04EDE2B4BA00E00D494A3 /* Base */ = {
			isa = PBXGroup;
			children = (
				41D04EDF2B4BA00E00D494A3 /* BaseUseCase.swift */,
				41D04EE02B4BA00E00D494A3 /* BaseViewController.swift */,
				41D04EE12B4BA00E00D494A3 /* BaseRepositoryImplementation.swift */,
				41D04EE22B4BA00E00D494A3 /* Dependency */,
				41D04EE52B4BA00E00D494A3 /* BaseError.swift */,
				41D04EE62B4BA00E00D494A3 /* BaseCoordinator.swift */,
				41D04EE72B4BA00E00D494A3 /* Coordinator.swift */,
			);
			path = Base;
			sourceTree = "<group>";
		};
		41D04EE22B4BA00E00D494A3 /* Dependency */ = {
			isa = PBXGroup;
			children = (
				41D04EE32B4BA00E00D494A3 /* AssemblerProtocol.swift */,
				41D04EE42B4BA00E00D494A3 /* Dependency.swift */,
			);
			path = Dependency;
			sourceTree = "<group>";
		};
		B17736BF2FBB5548CF19B3D7 /* Frameworks */ = {
			isa = PBXGroup;
			children = (
				73CE1BDD6ECCFEA67F325426 /* Pods_BrigewellSdk.framework */,
				06FB6D8620F899306182CCF5 /* Pods_BrigewellSdk_BrigewellSdkTests.framework */,
			);
			name = Frameworks;
			sourceTree = "<group>";
		};
/* End PBXGroup section */

/* Begin PBXHeadersBuildPhase section */
		41D04EA22B4B6EE500D494A3 /* Headers */ = {
			isa = PBXHeadersBuildPhase;
			buildActionMask = 2147483647;
			files = (
				41D04EB62B4B6EE500D494A3 /* BrigewellSdk.h in Headers */,
			);
			runOnlyForDeploymentPostprocessing = 0;
		};
/* End PBXHeadersBuildPhase section */

/* Begin PBXNativeTarget section */
		41D04EA62B4B6EE500D494A3 /* BrigewellSdk */ = {
			isa = PBXNativeTarget;
			buildConfigurationList = 41D04EB92B4B6EE500D494A3 /* Build configuration list for PBXNativeTarget "BrigewellSdk" */;
			buildPhases = (
				DFC9CA5FBE50E6165519FEA5 /* [CP] Check Pods Manifest.lock */,
				41D04EA22B4B6EE500D494A3 /* Headers */,
				41D04EA32B4B6EE500D494A3 /* Sources */,
				41D04EA42B4B6EE500D494A3 /* Frameworks */,
				41D04EA52B4B6EE500D494A3 /* Resources */,
			);
			buildRules = (
			);
			dependencies = (
			);
			name = BrigewellSdk;
			productName = BrigewellSdk;
			productReference = 41D04EA72B4B6EE500D494A3 /* BrigewellSdk.framework */;
			productType = "com.apple.product-type.framework";
		};
		41D04EAE2B4B6EE500D494A3 /* BrigewellSdkTests */ = {
			isa = PBXNativeTarget;
			buildConfigurationList = 41D04EBC2B4B6EE500D494A3 /* Build configuration list for PBXNativeTarget "BrigewellSdkTests" */;
			buildPhases = (
				E6548A31977D1FDC2D119F67 /* [CP] Check Pods Manifest.lock */,
				41D04EAB2B4B6EE500D494A3 /* Sources */,
				41D04EAC2B4B6EE500D494A3 /* Frameworks */,
				41D04EAD2B4B6EE500D494A3 /* Resources */,
				1E51DF58B26CB6C34F3189E7 /* [CP] Embed Pods Frameworks */,
			);
			buildRules = (
			);
			dependencies = (
				41D04EB22B4B6EE500D494A3 /* PBXTargetDependency */,
			);
			name = BrigewellSdkTests;
			productName = BrigewellSdkTests;
			productReference = 41D04EAF2B4B6EE500D494A3 /* BrigewellSdkTests.xctest */;
			productType = "com.apple.product-type.bundle.unit-test";
		};
/* End PBXNativeTarget section */

/* Begin PBXProject section */
		41D04E9E2B4B6EE500D494A3 /* Project object */ = {
			isa = PBXProject;
			attributes = {
				BuildIndependentTargetsInParallel = 1;
				LastSwiftUpdateCheck = 1420;
				LastUpgradeCheck = 1420;
				TargetAttributes = {
					41D04EA62B4B6EE500D494A3 = {
						CreatedOnToolsVersion = 14.2;
						LastSwiftMigration = 1420;
					};
					41D04EAE2B4B6EE500D494A3 = {
						CreatedOnToolsVersion = 14.2;
					};
				};
			};
			buildConfigurationList = 41D04EA12B4B6EE500D494A3 /* Build configuration list for PBXProject "BrigewellSdk" */;
			compatibilityVersion = "Xcode 14.0";
			developmentRegion = en;
			hasScannedForEncodings = 0;
			knownRegions = (
				en,
				Base,
			);
			mainGroup = 41D04E9D2B4B6EE500D494A3;
			productRefGroup = 41D04EA82B4B6EE500D494A3 /* Products */;
			projectDirPath = "";
			projectRoot = "";
			targets = (
				41D04EA62B4B6EE500D494A3 /* BrigewellSdk */,
				41D04EAE2B4B6EE500D494A3 /* BrigewellSdkTests */,
			);
		};
/* End PBXProject section */

/* Begin PBXResourcesBuildPhase section */
		41D04EA52B4B6EE500D494A3 /* Resources */ = {
			isa = PBXResourcesBuildPhase;
			buildActionMask = 2147483647;
			files = (
			);
			runOnlyForDeploymentPostprocessing = 0;
		};
		41D04EAD2B4B6EE500D494A3 /* Resources */ = {
			isa = PBXResourcesBuildPhase;
			buildActionMask = 2147483647;
			files = (
			);
			runOnlyForDeploymentPostprocessing = 0;
		};
/* End PBXResourcesBuildPhase section */

/* Begin PBXShellScriptBuildPhase section */
		1E51DF58B26CB6C34F3189E7 /* [CP] Embed Pods Frameworks */ = {
			isa = PBXShellScriptBuildPhase;
			buildActionMask = 2147483647;
			files = (
			);
			inputFileListPaths = (
				"${PODS_ROOT}/Target Support Files/Pods-BrigewellSdk-BrigewellSdkTests/Pods-BrigewellSdk-BrigewellSdkTests-frameworks-${CONFIGURATION}-input-files.xcfilelist",
			);
			name = "[CP] Embed Pods Frameworks";
			outputFileListPaths = (
				"${PODS_ROOT}/Target Support Files/Pods-BrigewellSdk-BrigewellSdkTests/Pods-BrigewellSdk-BrigewellSdkTests-frameworks-${CONFIGURATION}-output-files.xcfilelist",
			);
			runOnlyForDeploymentPostprocessing = 0;
			shellPath = /bin/sh;
			shellScript = "\"${PODS_ROOT}/Target Support Files/Pods-BrigewellSdk-BrigewellSdkTests/Pods-BrigewellSdk-BrigewellSdkTests-frameworks.sh\"\n";
			showEnvVarsInLog = 0;
		};
		DFC9CA5FBE50E6165519FEA5 /* [CP] Check Pods Manifest.lock */ = {
			isa = PBXShellScriptBuildPhase;
			buildActionMask = 2147483647;
			files = (
			);
			inputFileListPaths = (
			);
			inputPaths = (
				"${PODS_PODFILE_DIR_PATH}/Podfile.lock",
				"${PODS_ROOT}/Manifest.lock",
			);
			name = "[CP] Check Pods Manifest.lock";
			outputFileListPaths = (
			);
			outputPaths = (
				"$(DERIVED_FILE_DIR)/Pods-BrigewellSdk-checkManifestLockResult.txt",
			);
			runOnlyForDeploymentPostprocessing = 0;
			shellPath = /bin/sh;
			shellScript = "diff \"${PODS_PODFILE_DIR_PATH}/Podfile.lock\" \"${PODS_ROOT}/Manifest.lock\" > /dev/null\nif [ $? != 0 ] ; then\n    # print error to STDERR\n    echo \"error: The sandbox is not in sync with the Podfile.lock. Run 'pod install' or update your CocoaPods installation.\" >&2\n    exit 1\nfi\n# This output is used by Xcode 'outputs' to avoid re-running this script phase.\necho \"SUCCESS\" > \"${SCRIPT_OUTPUT_FILE_0}\"\n";
			showEnvVarsInLog = 0;
		};
		E6548A31977D1FDC2D119F67 /* [CP] Check Pods Manifest.lock */ = {
			isa = PBXShellScriptBuildPhase;
			buildActionMask = 2147483647;
			files = (
			);
			inputFileListPaths = (
			);
			inputPaths = (
				"${PODS_PODFILE_DIR_PATH}/Podfile.lock",
				"${PODS_ROOT}/Manifest.lock",
			);
			name = "[CP] Check Pods Manifest.lock";
			outputFileListPaths = (
			);
			outputPaths = (
				"$(DERIVED_FILE_DIR)/Pods-BrigewellSdk-BrigewellSdkTests-checkManifestLockResult.txt",
			);
			runOnlyForDeploymentPostprocessing = 0;
			shellPath = /bin/sh;
			shellScript = "diff \"${PODS_PODFILE_DIR_PATH}/Podfile.lock\" \"${PODS_ROOT}/Manifest.lock\" > /dev/null\nif [ $? != 0 ] ; then\n    # print error to STDERR\n    echo \"error: The sandbox is not in sync with the Podfile.lock. Run 'pod install' or update your CocoaPods installation.\" >&2\n    exit 1\nfi\n# This output is used by Xcode 'outputs' to avoid re-running this script phase.\necho \"SUCCESS\" > \"${SCRIPT_OUTPUT_FILE_0}\"\n";
			showEnvVarsInLog = 0;
		};
/* End PBXShellScriptBuildPhase section */

/* Begin PBXSourcesBuildPhase section */
		41D04EA32B4B6EE500D494A3 /* Sources */ = {
			isa = PBXSourcesBuildPhase;
			buildActionMask = 2147483647;
			files = (
				673990F72B551487008DEEDF /* GetCommentsUseCase.swift in Sources */,
				41974C882B4CA75800F38C09 /* PostRepositoryResponses.swift in Sources */,
				41974C8F2B4CA7FA00F38C09 /* PostModel.swift in Sources */,
				41974C912B4CA9A400F38C09 /* GetPostsUseCase.swift in Sources */,
				41D04EEF2B4BA00E00D494A3 /* Coordinator.swift in Sources */,
				41974C862B4CA74600F38C09 /* PostRepository.swift in Sources */,
				41974C8A2B4CA76700F38C09 /* PostRepositoryRequests.swift in Sources */,
				41974C8C2B4CA77800F38C09 /* PostRepositoryImplementation.swift in Sources */,
				41D04EE82B4BA00E00D494A3 /* BaseUseCase.swift in Sources */,
				41D04EEA2B4BA00E00D494A3 /* BaseRepositoryImplementation.swift in Sources */,
				41D04ED72B4B9FE200D494A3 /* APIRequest.swift in Sources */,
				673990F52B551357008DEEDF /* CommentModel.swift in Sources */,
				41D04EEB2B4BA00E00D494A3 /* AssemblerProtocol.swift in Sources */,
				41D04EE92B4BA00E00D494A3 /* BaseViewController.swift in Sources */,
				41D04EEE2B4BA00E00D494A3 /* BaseCoordinator.swift in Sources */,
				41D04EEC2B4BA00E00D494A3 /* Dependency.swift in Sources */,
				41D04ED62B4B9FE200D494A3 /* NetworkClient.swift in Sources */,
				41D04EED2B4BA00E00D494A3 /* BaseError.swift in Sources */,
			);
			runOnlyForDeploymentPostprocessing = 0;
		};
		41D04EAB2B4B6EE500D494A3 /* Sources */ = {
			isa = PBXSourcesBuildPhase;
			buildActionMask = 2147483647;
			files = (
				41D04EB52B4B6EE500D494A3 /* BrigewellSdkTests.swift in Sources */,
			);
			runOnlyForDeploymentPostprocessing = 0;
		};
/* End PBXSourcesBuildPhase section */

/* Begin PBXTargetDependency section */
		41D04EB22B4B6EE500D494A3 /* PBXTargetDependency */ = {
			isa = PBXTargetDependency;
			target = 41D04EA62B4B6EE500D494A3 /* BrigewellSdk */;
			targetProxy = 41D04EB12B4B6EE500D494A3 /* PBXContainerItemProxy */;
		};
/* End PBXTargetDependency section */

/* Begin XCBuildConfiguration section */
		41D04EB72B4B6EE500D494A3 /* Debug */ = {
			isa = XCBuildConfiguration;
			buildSettings = {
				ALWAYS_SEARCH_USER_PATHS = NO;
				CLANG_ANALYZER_NONNULL = YES;
				CLANG_ANALYZER_NUMBER_OBJECT_CONVERSION = YES_AGGRESSIVE;
				CLANG_CXX_LANGUAGE_STANDARD = "gnu++20";
				CLANG_ENABLE_MODULES = YES;
				CLANG_ENABLE_OBJC_ARC = YES;
				CLANG_ENABLE_OBJC_WEAK = YES;
				CLANG_WARN_BLOCK_CAPTURE_AUTORELEASING = YES;
				CLANG_WARN_BOOL_CONVERSION = YES;
				CLANG_WARN_COMMA = YES;
				CLANG_WARN_CONSTANT_CONVERSION = YES;
				CLANG_WARN_DEPRECATED_OBJC_IMPLEMENTATIONS = YES;
				CLANG_WARN_DIRECT_OBJC_ISA_USAGE = YES_ERROR;
				CLANG_WARN_DOCUMENTATION_COMMENTS = YES;
				CLANG_WARN_EMPTY_BODY = YES;
				CLANG_WARN_ENUM_CONVERSION = YES;
				CLANG_WARN_INFINITE_RECURSION = YES;
				CLANG_WARN_INT_CONVERSION = YES;
				CLANG_WARN_NON_LITERAL_NULL_CONVERSION = YES;
				CLANG_WARN_OBJC_IMPLICIT_RETAIN_SELF = YES;
				CLANG_WARN_OBJC_LITERAL_CONVERSION = YES;
				CLANG_WARN_OBJC_ROOT_CLASS = YES_ERROR;
				CLANG_WARN_QUOTED_INCLUDE_IN_FRAMEWORK_HEADER = YES;
				CLANG_WARN_RANGE_LOOP_ANALYSIS = YES;
				CLANG_WARN_STRICT_PROTOTYPES = YES;
				CLANG_WARN_SUSPICIOUS_MOVE = YES;
				CLANG_WARN_UNGUARDED_AVAILABILITY = YES_AGGRESSIVE;
				CLANG_WARN_UNREACHABLE_CODE = YES;
				CLANG_WARN__DUPLICATE_METHOD_MATCH = YES;
				COPY_PHASE_STRIP = NO;
				CURRENT_PROJECT_VERSION = 1;
				DEBUG_INFORMATION_FORMAT = dwarf;
				ENABLE_STRICT_OBJC_MSGSEND = YES;
				ENABLE_TESTABILITY = YES;
				GCC_C_LANGUAGE_STANDARD = gnu11;
				GCC_DYNAMIC_NO_PIC = NO;
				GCC_NO_COMMON_BLOCKS = YES;
				GCC_OPTIMIZATION_LEVEL = 0;
				GCC_PREPROCESSOR_DEFINITIONS = (
					"DEBUG=1",
					"$(inherited)",
				);
				GCC_WARN_64_TO_32_BIT_CONVERSION = YES;
				GCC_WARN_ABOUT_RETURN_TYPE = YES_ERROR;
				GCC_WARN_UNDECLARED_SELECTOR = YES;
				GCC_WARN_UNINITIALIZED_AUTOS = YES_AGGRESSIVE;
				GCC_WARN_UNUSED_FUNCTION = YES;
				GCC_WARN_UNUSED_VARIABLE = YES;
				IPHONEOS_DEPLOYMENT_TARGET = 16.2;
				MTL_ENABLE_DEBUG_INFO = INCLUDE_SOURCE;
				MTL_FAST_MATH = YES;
				ONLY_ACTIVE_ARCH = YES;
				SDKROOT = iphoneos;
				SWIFT_ACTIVE_COMPILATION_CONDITIONS = DEBUG;
				SWIFT_OPTIMIZATION_LEVEL = "-Onone";
				VERSIONING_SYSTEM = "apple-generic";
				VERSION_INFO_PREFIX = "";
			};
			name = Debug;
		};
		41D04EB82B4B6EE500D494A3 /* Release */ = {
			isa = XCBuildConfiguration;
			buildSettings = {
				ALWAYS_SEARCH_USER_PATHS = NO;
				CLANG_ANALYZER_NONNULL = YES;
				CLANG_ANALYZER_NUMBER_OBJECT_CONVERSION = YES_AGGRESSIVE;
				CLANG_CXX_LANGUAGE_STANDARD = "gnu++20";
				CLANG_ENABLE_MODULES = YES;
				CLANG_ENABLE_OBJC_ARC = YES;
				CLANG_ENABLE_OBJC_WEAK = YES;
				CLANG_WARN_BLOCK_CAPTURE_AUTORELEASING = YES;
				CLANG_WARN_BOOL_CONVERSION = YES;
				CLANG_WARN_COMMA = YES;
				CLANG_WARN_CONSTANT_CONVERSION = YES;
				CLANG_WARN_DEPRECATED_OBJC_IMPLEMENTATIONS = YES;
				CLANG_WARN_DIRECT_OBJC_ISA_USAGE = YES_ERROR;
				CLANG_WARN_DOCUMENTATION_COMMENTS = YES;
				CLANG_WARN_EMPTY_BODY = YES;
				CLANG_WARN_ENUM_CONVERSION = YES;
				CLANG_WARN_INFINITE_RECURSION = YES;
				CLANG_WARN_INT_CONVERSION = YES;
				CLANG_WARN_NON_LITERAL_NULL_CONVERSION = YES;
				CLANG_WARN_OBJC_IMPLICIT_RETAIN_SELF = YES;
				CLANG_WARN_OBJC_LITERAL_CONVERSION = YES;
				CLANG_WARN_OBJC_ROOT_CLASS = YES_ERROR;
				CLANG_WARN_QUOTED_INCLUDE_IN_FRAMEWORK_HEADER = YES;
				CLANG_WARN_RANGE_LOOP_ANALYSIS = YES;
				CLANG_WARN_STRICT_PROTOTYPES = YES;
				CLANG_WARN_SUSPICIOUS_MOVE = YES;
				CLANG_WARN_UNGUARDED_AVAILABILITY = YES_AGGRESSIVE;
				CLANG_WARN_UNREACHABLE_CODE = YES;
				CLANG_WARN__DUPLICATE_METHOD_MATCH = YES;
				COPY_PHASE_STRIP = NO;
				CURRENT_PROJECT_VERSION = 1;
				DEBUG_INFORMATION_FORMAT = "dwarf-with-dsym";
				ENABLE_NS_ASSERTIONS = NO;
				ENABLE_STRICT_OBJC_MSGSEND = YES;
				GCC_C_LANGUAGE_STANDARD = gnu11;
				GCC_NO_COMMON_BLOCKS = YES;
				GCC_WARN_64_TO_32_BIT_CONVERSION = YES;
				GCC_WARN_ABOUT_RETURN_TYPE = YES_ERROR;
				GCC_WARN_UNDECLARED_SELECTOR = YES;
				GCC_WARN_UNINITIALIZED_AUTOS = YES_AGGRESSIVE;
				GCC_WARN_UNUSED_FUNCTION = YES;
				GCC_WARN_UNUSED_VARIABLE = YES;
				IPHONEOS_DEPLOYMENT_TARGET = 16.2;
				MTL_ENABLE_DEBUG_INFO = NO;
				MTL_FAST_MATH = YES;
				SDKROOT = iphoneos;
				SWIFT_COMPILATION_MODE = wholemodule;
				SWIFT_OPTIMIZATION_LEVEL = "-O";
				VALIDATE_PRODUCT = YES;
				VERSIONING_SYSTEM = "apple-generic";
				VERSION_INFO_PREFIX = "";
			};
			name = Release;
		};
		41D04EBA2B4B6EE500D494A3 /* Debug */ = {
			isa = XCBuildConfiguration;
			baseConfigurationReference = D401CF2389DD519BCD3CB428 /* Pods-BrigewellSdk.debug.xcconfig */;
			buildSettings = {
				CLANG_ENABLE_MODULES = YES;
				CODE_SIGN_STYLE = Automatic;
				CURRENT_PROJECT_VERSION = 1;
				DEFINES_MODULE = YES;
				DYLIB_COMPATIBILITY_VERSION = 1;
				DYLIB_CURRENT_VERSION = 1;
				DYLIB_INSTALL_NAME_BASE = "@rpath";
				GENERATE_INFOPLIST_FILE = YES;
				INFOPLIST_KEY_NSHumanReadableCopyright = "";
				INSTALL_PATH = "$(LOCAL_LIBRARY_DIR)/Frameworks";
				LD_RUNPATH_SEARCH_PATHS = (
					"$(inherited)",
					"@executable_path/Frameworks",
					"@loader_path/Frameworks",
				);
				MARKETING_VERSION = 1.0;
				PRODUCT_BUNDLE_IDENTIFIER = Nalou.BrigewellSdk;
				PRODUCT_NAME = "$(TARGET_NAME:c99extidentifier)";
				SKIP_INSTALL = YES;
				SWIFT_EMIT_LOC_STRINGS = YES;
				SWIFT_OPTIMIZATION_LEVEL = "-Onone";
				SWIFT_VERSION = 5.0;
				TARGETED_DEVICE_FAMILY = "1,2";
			};
			name = Debug;
		};
		41D04EBB2B4B6EE500D494A3 /* Release */ = {
			isa = XCBuildConfiguration;
			baseConfigurationReference = CFB2F2213A3B857405068C1A /* Pods-BrigewellSdk.release.xcconfig */;
			buildSettings = {
				CLANG_ENABLE_MODULES = YES;
				CODE_SIGN_STYLE = Automatic;
				CURRENT_PROJECT_VERSION = 1;
				DEFINES_MODULE = YES;
				DYLIB_COMPATIBILITY_VERSION = 1;
				DYLIB_CURRENT_VERSION = 1;
				DYLIB_INSTALL_NAME_BASE = "@rpath";
				GENERATE_INFOPLIST_FILE = YES;
				INFOPLIST_KEY_NSHumanReadableCopyright = "";
				INSTALL_PATH = "$(LOCAL_LIBRARY_DIR)/Frameworks";
				LD_RUNPATH_SEARCH_PATHS = (
					"$(inherited)",
					"@executable_path/Frameworks",
					"@loader_path/Frameworks",
				);
				MARKETING_VERSION = 1.0;
				PRODUCT_BUNDLE_IDENTIFIER = Nalou.BrigewellSdk;
				PRODUCT_NAME = "$(TARGET_NAME:c99extidentifier)";
				SKIP_INSTALL = YES;
				SWIFT_EMIT_LOC_STRINGS = YES;
				SWIFT_VERSION = 5.0;
				TARGETED_DEVICE_FAMILY = "1,2";
			};
			name = Release;
		};
		41D04EBD2B4B6EE500D494A3 /* Debug */ = {
			isa = XCBuildConfiguration;
			baseConfigurationReference = CDABF46F7C6D7C7BA53067B2 /* Pods-BrigewellSdk-BrigewellSdkTests.debug.xcconfig */;
			buildSettings = {
				ALWAYS_EMBED_SWIFT_STANDARD_LIBRARIES = YES;
				CODE_SIGN_STYLE = Automatic;
				CURRENT_PROJECT_VERSION = 1;
				GENERATE_INFOPLIST_FILE = YES;
				MARKETING_VERSION = 1.0;
				PRODUCT_BUNDLE_IDENTIFIER = Nalou.BrigewellSdkTests;
				PRODUCT_NAME = "$(TARGET_NAME)";
				SWIFT_EMIT_LOC_STRINGS = NO;
				SWIFT_VERSION = 5.0;
				TARGETED_DEVICE_FAMILY = "1,2";
			};
			name = Debug;
		};
		41D04EBE2B4B6EE500D494A3 /* Release */ = {
			isa = XCBuildConfiguration;
			baseConfigurationReference = 4834A806337CDEF50B827C14 /* Pods-BrigewellSdk-BrigewellSdkTests.release.xcconfig */;
			buildSettings = {
				ALWAYS_EMBED_SWIFT_STANDARD_LIBRARIES = YES;
				CODE_SIGN_STYLE = Automatic;
				CURRENT_PROJECT_VERSION = 1;
				GENERATE_INFOPLIST_FILE = YES;
				MARKETING_VERSION = 1.0;
				PRODUCT_BUNDLE_IDENTIFIER = Nalou.BrigewellSdkTests;
				PRODUCT_NAME = "$(TARGET_NAME)";
				SWIFT_EMIT_LOC_STRINGS = NO;
				SWIFT_VERSION = 5.0;
				TARGETED_DEVICE_FAMILY = "1,2";
			};
			name = Release;
		};
/* End XCBuildConfiguration section */

/* Begin XCConfigurationList section */
		41D04EA12B4B6EE500D494A3 /* Build configuration list for PBXProject "BrigewellSdk" */ = {
			isa = XCConfigurationList;
			buildConfigurations = (
				41D04EB72B4B6EE500D494A3 /* Debug */,
				41D04EB82B4B6EE500D494A3 /* Release */,
			);
			defaultConfigurationIsVisible = 0;
			defaultConfigurationName = Release;
		};
		41D04EB92B4B6EE500D494A3 /* Build configuration list for PBXNativeTarget "BrigewellSdk" */ = {
			isa = XCConfigurationList;
			buildConfigurations = (
				41D04EBA2B4B6EE500D494A3 /* Debug */,
				41D04EBB2B4B6EE500D494A3 /* Release */,
			);
			defaultConfigurationIsVisible = 0;
			defaultConfigurationName = Release;
		};
		41D04EBC2B4B6EE500D494A3 /* Build configuration list for PBXNativeTarget "BrigewellSdkTests" */ = {
			isa = XCConfigurationList;
			buildConfigurations = (
				41D04EBD2B4B6EE500D494A3 /* Debug */,
				41D04EBE2B4B6EE500D494A3 /* Release */,
			);
			defaultConfigurationIsVisible = 0;
			defaultConfigurationName = Release;
		};
/* End XCConfigurationList section */
	};
	rootObject = 41D04E9E2B4B6EE500D494A3 /* Project object */;
}
